
Microsoft Visual Studio Solution File, Format Version 12.00
# Visual Studio 2012
Project("{8BC9CEB8-8B4A-11D0-8D11-00A0C91BC942}") = "CIPS_LR_1", "CIPS_LR_1\CIPS_LR_1.vcxproj", "{1CE63D85-8742-4053-B1B6-346CDCD4509D}"
EndProject
Global
	GlobalSection(SolutionConfigurationPlatforms) = preSolution
		Debug|Win32 = Debug|Win32
		Release|Win32 = Release|Win32
	EndGlobalSection
	GlobalSection(ProjectConfigurationPlatforms) = postSolution
		{1CE63D85-8742-4053-B1B6-346CDCD4509D}.Debug|Win32.ActiveCfg = Debug|Win32
		{1CE63D85-8742-4053-B1B6-346CDCD4509D}.Debug|Win32.Build.0 = Debug|Win32
		{1CE63D85-8742-4053-B1B6-346CDCD4509D}.Release|Win32.ActiveCfg = Release|Win32
		{1CE63D85-8742-4053-B1B6-346CDCD4509D}.Release|Win32.Build.0 = Release|Win32
	EndGlobalSection
	GlobalSection(SolutionProperties) = preSolution
		HideSolutionNode = FALSE
	EndGlobalSection
EndGlobal
